hash: b7af40a952eb4964e3f3e830250a2d24f1c7d376afa337bbbef6c15347e1cbc0
updated: 2017-08-12T15:11:59.536486434+09:00
imports:
- name: github.com/mattn/go-colorable
  version: 6df6d4d004b64986bbb0d1b25945f42b44787e90
- name: github.com/mattn/go-isatty
  version: 3a115632dcd687f9c8cd01679c83a06a0e21c1f3
- name: github.com/mattn/go-runewidth
  version: 9e777a8366cce605130a531d2cd6363d07ad7317
- name: github.com/mattn/go-tty
  version: 3d41f42f6006f9962ca920c318f5db179fd0884c
- name: github.com/mitchellh/go-homedir
  version: b8bc1bf767474819792c23f32d8286a45736f1c6
- name: github.com/ysugimoto/cho
  version: 632f8dafec3b37756dc65a828d5bdf2d88523870
- name: golang.org/x/sys
  version: e42485b6e20ae7d2304ec72e535b103ed350cc02
  subpackages:
  - unix
testImports: []
